
Microsoft Visual Studio Solution File, Format Version 12.00
Project("{FAE04EC0-301F-11D3-BF4B-00C04F79EFBC}") = "Day1", "Day1\Day1.csproj", "{0888DB5E-E672-43C2-A3C9-1ED07C52A27E}"
EndProject
Project("{FAE04EC0-301F-11D3-BF4B-00C04F79EFBC}") = "Day2", "Day2\Day2.csproj", "{274B00EA-8EA4-456E-BB4D-087367355567}"
EndProject
Project("{FAE04EC0-301F-11D3-BF4B-00C04F79EFBC}") = "Day3", "Day3\Day3.csproj", "{BEC00208-B577-41B0-8EFA-870DAEAA6D5D}"
EndProject
Project("{FAE04EC0-301F-11D3-BF4B-00C04F79EFBC}") = "Day4", "Day4\Day4.csproj", "{FA2C984C-4F11-4E6C-BE9E-36100FE0EB0B}"
EndProject
Project("{FAE04EC0-301F-11D3-BF4B-00C04F79EFBC}") = "Day5", "Day5\Day5.csproj", "{58A1B9CD-B956-4744-A016-E95E9C59B158}"
EndProject
Global
	GlobalSection(SolutionConfigurationPlatforms) = preSolution
		Debug|Any CPU = Debug|Any CPU
		Release|Any CPU = Release|Any CPU
	EndGlobalSection
	GlobalSection(ProjectConfigurationPlatforms) = postSolution
		{0888DB5E-E672-43C2-A3C9-1ED07C52A27E}.Debug|Any CPU.ActiveCfg = Debug|Any CPU
		{0888DB5E-E672-43C2-A3C9-1ED07C52A27E}.Debug|Any CPU.Build.0 = Debug|Any CPU
		{0888DB5E-E672-43C2-A3C9-1ED07C52A27E}.Release|Any CPU.ActiveCfg = Release|Any CPU
		{0888DB5E-E672-43C2-A3C9-1ED07C52A27E}.Release|Any CPU.Build.0 = Release|Any CPU
		{274B00EA-8EA4-456E-BB4D-087367355567}.Debug|Any CPU.ActiveCfg = Debug|Any CPU
		{274B00EA-8EA4-456E-BB4D-087367355567}.Debug|Any CPU.Build.0 = Debug|Any CPU
		{274B00EA-8EA4-456E-BB4D-087367355567}.Release|Any CPU.ActiveCfg = Release|Any CPU
		{274B00EA-8EA4-456E-BB4D-087367355567}.Release|Any CPU.Build.0 = Release|Any CPU
		{BEC00208-B577-41B0-8EFA-870DAEAA6D5D}.Debug|Any CPU.ActiveCfg = Debug|Any CPU
		{BEC00208-B577-41B0-8EFA-870DAEAA6D5D}.Debug|Any CPU.Build.0 = Debug|Any CPU
		{BEC00208-B577-41B0-8EFA-870DAEAA6D5D}.Release|Any CPU.ActiveCfg = Release|Any CPU
		{BEC00208-B577-41B0-8EFA-870DAEAA6D5D}.Release|Any CPU.Build.0 = Release|Any CPU
		{FA2C984C-4F11-4E6C-BE9E-36100FE0EB0B}.Debug|Any CPU.ActiveCfg = Debug|Any CPU
		{FA2C984C-4F11-4E6C-BE9E-36100FE0EB0B}.Debug|Any CPU.Build.0 = Debug|Any CPU
		{FA2C984C-4F11-4E6C-BE9E-36100FE0EB0B}.Release|Any CPU.ActiveCfg = Release|Any CPU
		{FA2C984C-4F11-4E6C-BE9E-36100FE0EB0B}.Release|Any CPU.Build.0 = Release|Any CPU
		{58A1B9CD-B956-4744-A016-E95E9C59B158}.Debug|Any CPU.ActiveCfg = Debug|Any CPU
		{58A1B9CD-B956-4744-A016-E95E9C59B158}.Debug|Any CPU.Build.0 = Debug|Any CPU
		{58A1B9CD-B956-4744-A016-E95E9C59B158}.Release|Any CPU.ActiveCfg = Release|Any CPU
		{58A1B9CD-B956-4744-A016-E95E9C59B158}.Release|Any CPU.Build.0 = Release|Any CPU
	EndGlobalSection
EndGlobal
